
Microsoft Visual Studio Solution File, Format Version 10.00
# Visual C# Express 2008
Project("{FAE04EC0-301F-11D3-BF4B-00C04F79EFBC}") = "CombatPrototype", "CombatPrototype\CombatPrototype.csproj", "{7F187415-A3FB-448B-A211-382C77E43264}"
EndProject
Global
	GlobalSection(SolutionConfigurationPlatforms) = preSolution
		Debug|x86 = Debug|x86
		Release|x86 = Release|x86
	EndGlobalSection
	GlobalSection(ProjectConfigurationPlatforms) = postSolution
		{7F187415-A3FB-448B-A211-382C77E43264}.Debug|x86.ActiveCfg = Debug|x86
		{7F187415-A3FB-448B-A211-382C77E43264}.Debug|x86.Build.0 = Debug|x86
		{7F187415-A3FB-448B-A211-382C77E43264}.Release|x86.ActiveCfg = Release|x86
		{7F187415-A3FB-448B-A211-382C77E43264}.Release|x86.Build.0 = Release|x86
		{E456592C-83E3-44C8-B7F6-D781640CC53C}.Debug|x86.ActiveCfg = Debug|x86
		{E456592C-83E3-44C8-B7F6-D781640CC53C}.Release|x86.ActiveCfg = Release|x86
	EndGlobalSection
	GlobalSection(SolutionProperties) = preSolution
		HideSolutionNode = FALSE
	EndGlobalSection
EndGlobal
