
Microsoft Visual Studio Solution File, Format Version 9.00
# Visual Studio 2005
Project("{8BC9CEB8-8B4A-11D0-8D11-00A0C91BC942}") = "IntroGame", "IntroGame\IntroGame.vcproj", "{CA407A30-2127-4368-BAAE-111123F000CB}"
EndProject
Project("{8BC9CEB8-8B4A-11D0-8D11-00A0C91BC942}") = "ClusterGame", "ClusterGame\ClusterGame.vcproj", "{C1CA72A9-5E06-4E7D-AB59-0CA1A9FD9520}"
EndProject
Project("{8BC9CEB8-8B4A-11D0-8D11-00A0C91BC942}") = "Angel", "Angel\Angel.vcproj", "{D9A0401F-5FAF-483D-81EB-1066CD52F9D4}"
	ProjectSection(ProjectDependencies) = postProject
		{7A2DFC3D-516A-471D-A215-BD40E5E5AD9A} = {7A2DFC3D-516A-471D-A215-BD40E5E5AD9A}
	EndProjectSection
EndProject
Project("{8BC9CEB8-8B4A-11D0-8D11-00A0C91BC942}") = "freetype", "Angel\Libraries\freetype-2.3.5\builds\win32\visualc\freetype.vcproj", "{78B079BD-9FC7-4B9E-B4A6-96DA0F00248B}"
EndProject
Project("{8BC9CEB8-8B4A-11D0-8D11-00A0C91BC942}") = "FTGL", "Angel\Libraries\FTGL\win32_vcpp\ftgl_static_lib\ftgl_static_lib.vcproj", "{21CCDF71-9702-4596-860C-ECC082E63F5E}"
EndProject
Project("{8BC9CEB8-8B4A-11D0-8D11-00A0C91BC942}") = "freeglut_static", "Angel\Libraries\freeglut-2.4.0\freeglut_static.vcproj", "{1DF1988E-7DD2-4CA6-A171-3566BDD2014E}"
EndProject
Project("{8BC9CEB8-8B4A-11D0-8D11-00A0C91BC942}") = "Box2D", "Angel\Libraries\Box2D\Build\VC8\Box2D.vcproj", "{7A2DFC3D-516A-471D-A215-BD40E5E5AD9A}"
EndProject
Project("{2150E333-8FDC-42A3-9474-1A3956D46DE8}") = "Angel Framework", "Angel Framework", "{CB0C20A8-FA3A-4972-843A-6BDF17221E9F}"
EndProject
Project("{2150E333-8FDC-42A3-9474-1A3956D46DE8}") = "External Libraries", "External Libraries", "{6A188D61-E379-433D-9E69-24BDF6DD8779}"
EndProject
Project("{8BC9CEB8-8B4A-11D0-8D11-00A0C91BC942}") = "TheEnd", "TheEnd\TheEnd.vcproj", "{5B267A7F-D9DF-4B2E-B3E7-73A4EF0F1A36}"
EndProject
Project("{8BC9CEB8-8B4A-11D0-8D11-00A0C91BC942}") = "BlockGame", "BlockGame\BlockGame.vcproj", "{E315651E-36DA-41CA-A383-889DBA68198C}"
EndProject
Project("{8BC9CEB8-8B4A-11D0-8D11-00A0C91BC942}") = "TicTacToe", "TicTacToe\TicTacToe.vcproj", "{FF2C0E1E-1943-4135-8EA2-AE36B0A94846}"
EndProject
Project("{8BC9CEB8-8B4A-11D0-8D11-00A0C91BC942}") = "StarterGame", "StarterGame\StarterGame.vcproj", "{79454E22-7590-43B0-B909-F33C248B29FD}"
EndProject
Project("{8BC9CEB8-8B4A-11D0-8D11-00A0C91BC942}") = "VineDraw", "VineDraw\VineDraw.vcproj", "{3E67297D-D072-44EB-8CFE-64BC9BED3084}"
EndProject
Project("{8BC9CEB8-8B4A-11D0-8D11-00A0C91BC942}") = "Tetris", "Tetris\Tetris.vcproj", "{C11D6A07-3B30-4CD7-9E43-6B133A2E7E25}"
EndProject
Global
	GlobalSection(SolutionConfigurationPlatforms) = preSolution
		Debug|Win32 = Debug|Win32
		Release|Win32 = Release|Win32
	EndGlobalSection
	GlobalSection(ProjectConfigurationPlatforms) = postSolution
		{CA407A30-2127-4368-BAAE-111123F000CB}.Debug|Win32.ActiveCfg = Debug|Win32
		{CA407A30-2127-4368-BAAE-111123F000CB}.Debug|Win32.Build.0 = Debug|Win32
		{CA407A30-2127-4368-BAAE-111123F000CB}.Release|Win32.ActiveCfg = Release|Win32
		{CA407A30-2127-4368-BAAE-111123F000CB}.Release|Win32.Build.0 = Release|Win32
		{C1CA72A9-5E06-4E7D-AB59-0CA1A9FD9520}.Debug|Win32.ActiveCfg = Debug|Win32
		{C1CA72A9-5E06-4E7D-AB59-0CA1A9FD9520}.Debug|Win32.Build.0 = Debug|Win32
		{C1CA72A9-5E06-4E7D-AB59-0CA1A9FD9520}.Release|Win32.ActiveCfg = Release|Win32
		{C1CA72A9-5E06-4E7D-AB59-0CA1A9FD9520}.Release|Win32.Build.0 = Release|Win32
		{D9A0401F-5FAF-483D-81EB-1066CD52F9D4}.Debug|Win32.ActiveCfg = Debug|Win32
		{D9A0401F-5FAF-483D-81EB-1066CD52F9D4}.Debug|Win32.Build.0 = Debug|Win32
		{D9A0401F-5FAF-483D-81EB-1066CD52F9D4}.Release|Win32.ActiveCfg = Release|Win32
		{D9A0401F-5FAF-483D-81EB-1066CD52F9D4}.Release|Win32.Build.0 = Release|Win32
		{78B079BD-9FC7-4B9E-B4A6-96DA0F00248B}.Debug|Win32.ActiveCfg = Debug|Win32
		{78B079BD-9FC7-4B9E-B4A6-96DA0F00248B}.Debug|Win32.Build.0 = Debug|Win32
		{78B079BD-9FC7-4B9E-B4A6-96DA0F00248B}.Release|Win32.ActiveCfg = Release|Win32
		{78B079BD-9FC7-4B9E-B4A6-96DA0F00248B}.Release|Win32.Build.0 = Release|Win32
		{21CCDF71-9702-4596-860C-ECC082E63F5E}.Debug|Win32.ActiveCfg = Debug|Win32
		{21CCDF71-9702-4596-860C-ECC082E63F5E}.Debug|Win32.Build.0 = Debug|Win32
		{21CCDF71-9702-4596-860C-ECC082E63F5E}.Release|Win32.ActiveCfg = Release|Win32
		{21CCDF71-9702-4596-860C-ECC082E63F5E}.Release|Win32.Build.0 = Release|Win32
		{1DF1988E-7DD2-4CA6-A171-3566BDD2014E}.Debug|Win32.ActiveCfg = Debug|Win32
		{1DF1988E-7DD2-4CA6-A171-3566BDD2014E}.Debug|Win32.Build.0 = Debug|Win32
		{1DF1988E-7DD2-4CA6-A171-3566BDD2014E}.Release|Win32.ActiveCfg = Release|Win32
		{1DF1988E-7DD2-4CA6-A171-3566BDD2014E}.Release|Win32.Build.0 = Release|Win32
		{7A2DFC3D-516A-471D-A215-BD40E5E5AD9A}.Debug|Win32.ActiveCfg = Debug|Win32
		{7A2DFC3D-516A-471D-A215-BD40E5E5AD9A}.Debug|Win32.Build.0 = Debug|Win32
		{7A2DFC3D-516A-471D-A215-BD40E5E5AD9A}.Release|Win32.ActiveCfg = Release|Win32
		{7A2DFC3D-516A-471D-A215-BD40E5E5AD9A}.Release|Win32.Build.0 = Release|Win32
		{5B267A7F-D9DF-4B2E-B3E7-73A4EF0F1A36}.Debug|Win32.ActiveCfg = Debug|Win32
		{5B267A7F-D9DF-4B2E-B3E7-73A4EF0F1A36}.Debug|Win32.Build.0 = Debug|Win32
		{5B267A7F-D9DF-4B2E-B3E7-73A4EF0F1A36}.Release|Win32.ActiveCfg = Release|Win32
		{5B267A7F-D9DF-4B2E-B3E7-73A4EF0F1A36}.Release|Win32.Build.0 = Release|Win32
		{E315651E-36DA-41CA-A383-889DBA68198C}.Debug|Win32.ActiveCfg = Debug|Win32
		{E315651E-36DA-41CA-A383-889DBA68198C}.Debug|Win32.Build.0 = Debug|Win32
		{E315651E-36DA-41CA-A383-889DBA68198C}.Release|Win32.ActiveCfg = Release|Win32
		{E315651E-36DA-41CA-A383-889DBA68198C}.Release|Win32.Build.0 = Release|Win32
		{FF2C0E1E-1943-4135-8EA2-AE36B0A94846}.Debug|Win32.ActiveCfg = Debug|Win32
		{FF2C0E1E-1943-4135-8EA2-AE36B0A94846}.Debug|Win32.Build.0 = Debug|Win32
		{FF2C0E1E-1943-4135-8EA2-AE36B0A94846}.Release|Win32.ActiveCfg = Release|Win32
		{FF2C0E1E-1943-4135-8EA2-AE36B0A94846}.Release|Win32.Build.0 = Release|Win32
		{79454E22-7590-43B0-B909-F33C248B29FD}.Debug|Win32.ActiveCfg = Debug|Win32
		{79454E22-7590-43B0-B909-F33C248B29FD}.Debug|Win32.Build.0 = Debug|Win32
		{79454E22-7590-43B0-B909-F33C248B29FD}.Release|Win32.ActiveCfg = Release|Win32
		{79454E22-7590-43B0-B909-F33C248B29FD}.Release|Win32.Build.0 = Release|Win32
		{3E67297D-D072-44EB-8CFE-64BC9BED3084}.Debug|Win32.ActiveCfg = Debug|Win32
		{3E67297D-D072-44EB-8CFE-64BC9BED3084}.Debug|Win32.Build.0 = Debug|Win32
		{3E67297D-D072-44EB-8CFE-64BC9BED3084}.Release|Win32.ActiveCfg = Release|Win32
		{3E67297D-D072-44EB-8CFE-64BC9BED3084}.Release|Win32.Build.0 = Release|Win32
		{C11D6A07-3B30-4CD7-9E43-6B133A2E7E25}.Debug|Win32.ActiveCfg = Debug|Win32
		{C11D6A07-3B30-4CD7-9E43-6B133A2E7E25}.Debug|Win32.Build.0 = Debug|Win32
		{C11D6A07-3B30-4CD7-9E43-6B133A2E7E25}.Release|Win32.ActiveCfg = Release|Win32
		{C11D6A07-3B30-4CD7-9E43-6B133A2E7E25}.Release|Win32.Build.0 = Release|Win32
	EndGlobalSection
	GlobalSection(SolutionProperties) = preSolution
		HideSolutionNode = FALSE
	EndGlobalSection
	GlobalSection(NestedProjects) = preSolution
		{6A188D61-E379-433D-9E69-24BDF6DD8779} = {CB0C20A8-FA3A-4972-843A-6BDF17221E9F}
		{D9A0401F-5FAF-483D-81EB-1066CD52F9D4} = {CB0C20A8-FA3A-4972-843A-6BDF17221E9F}
		{21CCDF71-9702-4596-860C-ECC082E63F5E} = {6A188D61-E379-433D-9E69-24BDF6DD8779}
		{1DF1988E-7DD2-4CA6-A171-3566BDD2014E} = {6A188D61-E379-433D-9E69-24BDF6DD8779}
		{7A2DFC3D-516A-471D-A215-BD40E5E5AD9A} = {6A188D61-E379-433D-9E69-24BDF6DD8779}
		{78B079BD-9FC7-4B9E-B4A6-96DA0F00248B} = {6A188D61-E379-433D-9E69-24BDF6DD8779}
	EndGlobalSection
EndGlobal
